
Microsoft Visual Studio Solution File, Format Version 12.00
# Visual Studio 15
VisualStudioVersion = 15.0.27703.2026
MinimumVisualStudioVersion = 10.0.40219.1
Project("{8BC9CEB8-8B4A-11D0-8D11-00A0C91BC942}") = "gmock_test", "..\tests\gmock_test.vcxproj", "{F10D22F8-AC7B-4213-8720-608E7D878CD2}"
EndProject
Project("{2150E333-8FDC-42A3-9474-1A3956D46DE8}") = "Solution Items", "Solution Items", "{08196164-DC2A-45CD-BE64-6C3C12B9CB7B}"
	ProjectSection(SolutionItems) = preProject
		..\doc\cloning.md = ..\doc\cloning.md
		..\doc\meteo.md = ..\doc\meteo.md
		..\README.md = ..\README.md
		..\doc\README.md = ..\doc\README.md
		..\doc\tribool.md = ..\doc\tribool.md
	EndProjectSection
EndProject
Project("{8BC9CEB8-8B4A-11D0-8D11-00A0C91BC942}") = "tribool01", "..\examples\tribool01\tribool01.vcxproj", "{C5F80730-F44F-4478-BDAE-6634EFC2CA88}"
EndProject
Project("{8BC9CEB8-8B4A-11D0-8D11-00A0C91BC942}") = "tribool02", "..\examples\tribool02\tribool02.vcxproj", "{915C2BFE-9CF7-470C-9E0A-0CD67C920FB1}"
EndProject
Project("{8BC9CEB8-8B4A-11D0-8D11-00A0C91BC942}") = "meteo01", "..\examples\meteo01\meteo01.vcxproj", "{62FE6959-AF34-469A-B71D-92B4099BF2A3}"
EndProject
Global
	GlobalSection(SolutionConfigurationPlatforms) = preSolution
		Debug|x64 = Debug|x64
		Debug|x86 = Debug|x86
		Release|x64 = Release|x64
		Release|x86 = Release|x86
	EndGlobalSection
	GlobalSection(ProjectConfigurationPlatforms) = postSolution
		{F10D22F8-AC7B-4213-8720-608E7D878CD2}.Debug|x64.ActiveCfg = Debug|x64
		{F10D22F8-AC7B-4213-8720-608E7D878CD2}.Debug|x64.Build.0 = Debug|x64
		{F10D22F8-AC7B-4213-8720-608E7D878CD2}.Debug|x86.ActiveCfg = Debug|Win32
		{F10D22F8-AC7B-4213-8720-608E7D878CD2}.Debug|x86.Build.0 = Debug|Win32
		{F10D22F8-AC7B-4213-8720-608E7D878CD2}.Release|x64.ActiveCfg = Release|x64
		{F10D22F8-AC7B-4213-8720-608E7D878CD2}.Release|x64.Build.0 = Release|x64
		{F10D22F8-AC7B-4213-8720-608E7D878CD2}.Release|x86.ActiveCfg = Release|Win32
		{F10D22F8-AC7B-4213-8720-608E7D878CD2}.Release|x86.Build.0 = Release|Win32
		{C5F80730-F44F-4478-BDAE-6634EFC2CA88}.Debug|x64.ActiveCfg = Debug|Win32
		{C5F80730-F44F-4478-BDAE-6634EFC2CA88}.Debug|x86.ActiveCfg = Debug|Win32
		{C5F80730-F44F-4478-BDAE-6634EFC2CA88}.Debug|x86.Build.0 = Debug|Win32
		{C5F80730-F44F-4478-BDAE-6634EFC2CA88}.Release|x64.ActiveCfg = Release|Win32
		{C5F80730-F44F-4478-BDAE-6634EFC2CA88}.Release|x86.ActiveCfg = Release|Win32
		{C5F80730-F44F-4478-BDAE-6634EFC2CA88}.Release|x86.Build.0 = Release|Win32
		{915C2BFE-9CF7-470C-9E0A-0CD67C920FB1}.Debug|x64.ActiveCfg = Debug|Win32
		{915C2BFE-9CF7-470C-9E0A-0CD67C920FB1}.Debug|x86.ActiveCfg = Debug|Win32
		{915C2BFE-9CF7-470C-9E0A-0CD67C920FB1}.Debug|x86.Build.0 = Debug|Win32
		{915C2BFE-9CF7-470C-9E0A-0CD67C920FB1}.Release|x64.ActiveCfg = Release|Win32
		{915C2BFE-9CF7-470C-9E0A-0CD67C920FB1}.Release|x86.ActiveCfg = Release|Win32
		{915C2BFE-9CF7-470C-9E0A-0CD67C920FB1}.Release|x86.Build.0 = Release|Win32
		{62FE6959-AF34-469A-B71D-92B4099BF2A3}.Debug|x64.ActiveCfg = Debug|Win32
		{62FE6959-AF34-469A-B71D-92B4099BF2A3}.Debug|x86.ActiveCfg = Debug|Win32
		{62FE6959-AF34-469A-B71D-92B4099BF2A3}.Debug|x86.Build.0 = Debug|Win32
		{62FE6959-AF34-469A-B71D-92B4099BF2A3}.Release|x64.ActiveCfg = Release|Win32
		{62FE6959-AF34-469A-B71D-92B4099BF2A3}.Release|x86.ActiveCfg = Release|Win32
		{62FE6959-AF34-469A-B71D-92B4099BF2A3}.Release|x86.Build.0 = Release|Win32
	EndGlobalSection
	GlobalSection(SolutionProperties) = preSolution
		HideSolutionNode = FALSE
	EndGlobalSection
	GlobalSection(ExtensibilityGlobals) = postSolution
		SolutionGuid = {1751625C-B6EC-4C24-A343-2711E6486CB0}
	EndGlobalSection
EndGlobal
